// !$*UTF8*$!
{
	archiveVersion = 1;
	classes = {
	};
	objectVersion = 56;
	objects = {

/* Begin PBXBuildFile section */
		CF15192D2B0C99A300949474 /* gpt_voice_appApp.swift in Sources */ = {isa = PBXBuildFile; fileRef = CF15192C2B0C99A300949474 /* gpt_voice_appApp.swift */; };
		CF15192F2B0C99A300949474 /* ContentView.swift in Sources */ = {isa = PBXBuildFile; fileRef = CF15192E2B0C99A300949474 /* ContentView.swift */; };
		CF1519312B0C99A600949474 /* Assets.xcassets in Resources */ = {isa = PBXBuildFile; fileRef = CF1519302B0C99A600949474 /* Assets.xcassets */; };
		CF1519342B0C99A600949474 /* Preview Assets.xcassets in Resources */ = {isa = PBXBuildFile; fileRef = CF1519332B0C99A600949474 /* Preview Assets.xcassets */; };
		CF15193E2B0C99A600949474 /* gpt_voice_appTests.swift in Sources */ = {isa = PBXBuildFile; fileRef = CF15193D2B0C99A600949474 /* gpt_voice_appTests.swift */; };
		CF1519482B0C99A600949474 /* gpt_voice_appUITests.swift in Sources */ = {isa = PBXBuildFile; fileRef = CF1519472B0C99A600949474 /* gpt_voice_appUITests.swift */; };
		CF15194A2B0C99A600949474 /* gpt_voice_appUITestsLaunchTests.swift in Sources */ = {isa = PBXBuildFile; fileRef = CF1519492B0C99A600949474 /* gpt_voice_appUITestsLaunchTests.swift */; };
/* End PBXBuildFile section */

/* Begin PBXContainerItemProxy section */
		CF15193A2B0C99A600949474 /* PBXContainerItemProxy */ = {
			isa = PBXContainerItemProxy;
			containerPortal = CF1519212B0C99A300949474 /* Project object */;
			proxyType = 1;
			remoteGlobalIDString = CF1519282B0C99A300949474;
			remoteInfo = "gpt-voice-app";
		};
		CF1519442B0C99A600949474 /* PBXContainerItemProxy */ = {
			isa = PBXContainerItemProxy;
			containerPortal = CF1519212B0C99A300949474 /* Project object */;
			proxyType = 1;
			remoteGlobalIDString = CF1519282B0C99A300949474;
			remoteInfo = "gpt-voice-app";
		};
/* End PBXContainerItemProxy section */

/* Begin PBXFileReference section */
		CF1519292B0C99A300949474 /* gpt-voice-app.app */ = {isa = PBXFileReference; explicitFileType = wrapper.application; includeInIndex = 0; path = "gpt-voice-app.app"; sourceTree = BUILT_PRODUCTS_DIR; };
		CF15192C2B0C99A300949474 /* gpt_voice_appApp.swift */ = {isa = PBXFileReference; lastKnownFileType = sourcecode.swift; path = gpt_voice_appApp.swift; sourceTree = "<group>"; };
		CF15192E2B0C99A300949474 /* ContentView.swift */ = {isa = PBXFileReference; lastKnownFileType = sourcecode.swift; path = ContentView.swift; sourceTree = "<group>"; };
		CF1519302B0C99A600949474 /* Assets.xcassets */ = {isa = PBXFileReference; lastKnownFileType = folder.assetcatalog; path = Assets.xcassets; sourceTree = "<group>"; };
		CF1519332B0C99A600949474 /* Preview Assets.xcassets */ = {isa = PBXFileReference; lastKnownFileType = folder.assetcatalog; path = "Preview Assets.xcassets"; sourceTree = "<group>"; };
		CF1519392B0C99A600949474 /* gpt-voice-appTests.xctest */ = {isa = PBXFileReference; explicitFileType = wrapper.cfbundle; includeInIndex = 0; path = "gpt-voice-appTests.xctest"; sourceTree = BUILT_PRODUCTS_DIR; };
		CF15193D2B0C99A600949474 /* gpt_voice_appTests.swift */ = {isa = PBXFileReference; lastKnownFileType = sourcecode.swift; path = gpt_voice_appTests.swift; sourceTree = "<group>"; };
		CF1519432B0C99A600949474 /* gpt-voice-appUITests.xctest */ = {isa = PBXFileReference; explicitFileType = wrapper.cfbundle; includeInIndex = 0; path = "gpt-voice-appUITests.xctest"; sourceTree = BUILT_PRODUCTS_DIR; };
		CF1519472B0C99A600949474 /* gpt_voice_appUITests.swift */ = {isa = PBXFileReference; lastKnownFileType = sourcecode.swift; path = gpt_voice_appUITests.swift; sourceTree = "<group>"; };
		CF1519492B0C99A600949474 /* gpt_voice_appUITestsLaunchTests.swift */ = {isa = PBXFileReference; lastKnownFileType = sourcecode.swift; path = gpt_voice_appUITestsLaunchTests.swift; sourceTree = "<group>"; };
/* End PBXFileReference section */

/* Begin PBXFrameworksBuildPhase section */
		CF1519262B0C99A300949474 /* Frameworks */ = {
			isa = PBXFrameworksBuildPhase;
			buildActionMask = 2147483647;
			files = (
			);
			runOnlyForDeploymentPostprocessing = 0;
		};
		CF1519362B0C99A600949474 /* Frameworks */ = {
			isa = PBXFrameworksBuildPhase;
			buildActionMask = 2147483647;
			files = (
			);
			runOnlyForDeploymentPostprocessing = 0;
		};
		CF1519402B0C99A600949474 /* Frameworks */ = {
			isa = PBXFrameworksBuildPhase;
			buildActionMask = 2147483647;
			files = (
			);
			runOnlyForDeploymentPostprocessing = 0;
		};
/* End PBXFrameworksBuildPhase section */

/* Begin PBXGroup section */
		CF1519202B0C99A300949474 = {
			isa = PBXGroup;
			children = (
				CF15192B2B0C99A300949474 /* gpt-voice-app */,
				CF15193C2B0C99A600949474 /* gpt-voice-appTests */,
				CF1519462B0C99A600949474 /* gpt-voice-appUITests */,
				CF15192A2B0C99A300949474 /* Products */,
			);
			sourceTree = "<group>";
		};
		CF15192A2B0C99A300949474 /* Products */ = {
			isa = PBXGroup;
			children = (
				CF1519292B0C99A300949474 /* gpt-voice-app.app */,
				CF1519392B0C99A600949474 /* gpt-voice-appTests.xctest */,
				CF1519432B0C99A600949474 /* gpt-voice-appUITests.xctest */,
			);
			name = Products;
			sourceTree = "<group>";
		};
		CF15192B2B0C99A300949474 /* gpt-voice-app */ = {
			isa = PBXGroup;
			children = (
				CF15192C2B0C99A300949474 /* gpt_voice_appApp.swift */,
				CF15192E2B0C99A300949474 /* ContentView.swift */,
				CF1519302B0C99A600949474 /* Assets.xcassets */,
				CF1519322B0C99A600949474 /* Preview Content */,
			);
			path = "gpt-voice-app";
			sourceTree = "<group>";
		};
		CF1519322B0C99A600949474 /* Preview Content */ = {
			isa = PBXGroup;
			children = (
				CF1519332B0C99A600949474 /* Preview Assets.xcassets */,
			);
			path = "Preview Content";
			sourceTree = "<group>";
		};
		CF15193C2B0C99A600949474 /* gpt-voice-appTests */ = {
			isa = PBXGroup;
			children = (
				CF15193D2B0C99A600949474 /* gpt_voice_appTests.swift */,
			);
			path = "gpt-voice-appTests";
			sourceTree = "<group>";
		};
		CF1519462B0C99A600949474 /* gpt-voice-appUITests */ = {
			isa = PBXGroup;
			children = (
				CF1519472B0C99A600949474 /* gpt_voice_appUITests.swift */,
				CF1519492B0C99A600949474 /* gpt_voice_appUITestsLaunchTests.swift */,
			);
			path = "gpt-voice-appUITests";
			sourceTree = "<group>";
		};
/* End PBXGroup section */

/* Begin PBXNativeTarget section */
		CF1519282B0C99A300949474 /* gpt-voice-app */ = {
			isa = PBXNativeTarget;
			buildConfigurationList = CF15194D2B0C99A600949474 /* Build configuration list for PBXNativeTarget "gpt-voice-app" */;
			buildPhases = (
				CF1519252B0C99A300949474 /* Sources */,
				CF1519262B0C99A300949474 /* Frameworks */,
				CF1519272B0C99A300949474 /* Resources */,
			);
			buildRules = (
			);
			dependencies = (
			);
			name = "gpt-voice-app";
			productName = "gpt-voice-app";
			productReference = CF1519292B0C99A300949474 /* gpt-voice-app.app */;
			productType = "com.apple.product-type.application";
		};
		CF1519382B0C99A600949474 /* gpt-voice-appTests */ = {
			isa = PBXNativeTarget;
			buildConfigurationList = CF1519502B0C99A600949474 /* Build configuration list for PBXNativeTarget "gpt-voice-appTests" */;
			buildPhases = (
				CF1519352B0C99A600949474 /* Sources */,
				CF1519362B0C99A600949474 /* Frameworks */,
				CF1519372B0C99A600949474 /* Resources */,
			);
			buildRules = (
			);
			dependencies = (
				CF15193B2B0C99A600949474 /* PBXTargetDependency */,
			);
			name = "gpt-voice-appTests";
			productName = "gpt-voice-appTests";
			productReference = CF1519392B0C99A600949474 /* gpt-voice-appTests.xctest */;
			productType = "com.apple.product-type.bundle.unit-test";
		};
		CF1519422B0C99A600949474 /* gpt-voice-appUITests */ = {
			isa = PBXNativeTarget;
			buildConfigurationList = CF1519532B0C99A600949474 /* Build configuration list for PBXNativeTarget "gpt-voice-appUITests" */;
			buildPhases = (
				CF15193F2B0C99A600949474 /* Sources */,
				CF1519402B0C99A600949474 /* Frameworks */,
				CF1519412B0C99A600949474 /* Resources */,
			);
			buildRules = (
			);
			dependencies = (
				CF1519452B0C99A600949474 /* PBXTargetDependency */,
			);
			name = "gpt-voice-appUITests";
			productName = "gpt-voice-appUITests";
			productReference = CF1519432B0C99A600949474 /* gpt-voice-appUITests.xctest */;
			productType = "com.apple.product-type.bundle.ui-testing";
		};
/* End PBXNativeTarget section */

/* Begin PBXProject section */
		CF1519212B0C99A300949474 /* Project object */ = {
			isa = PBXProject;
			attributes = {
				BuildIndependentTargetsInParallel = 1;
				LastSwiftUpdateCheck = 1500;
				LastUpgradeCheck = 1500;
				TargetAttributes = {
					CF1519282B0C99A300949474 = {
						CreatedOnToolsVersion = 15.0.1;
					};
					CF1519382B0C99A600949474 = {
						CreatedOnToolsVersion = 15.0.1;
						TestTargetID = CF1519282B0C99A300949474;
					};
					CF1519422B0C99A600949474 = {
						CreatedOnToolsVersion = 15.0.1;
						TestTargetID = CF1519282B0C99A300949474;
					};
				};
			};
			buildConfigurationList = CF1519242B0C99A300949474 /* Build configuration list for PBXProject "gpt-voice-app" */;
			compatibilityVersion = "Xcode 14.0";
			developmentRegion = en;
			hasScannedForEncodings = 0;
			knownRegions = (
				en,
				Base,
			);
			mainGroup = CF1519202B0C99A300949474;
			productRefGroup = CF15192A2B0C99A300949474 /* Products */;
			projectDirPath = "";
			projectRoot = "";
			targets = (
				CF1519282B0C99A300949474 /* gpt-voice-app */,
				CF1519382B0C99A600949474 /* gpt-voice-appTests */,
				CF1519422B0C99A600949474 /* gpt-voice-appUITests */,
			);
		};
/* End PBXProject section */

/* Begin PBXResourcesBuildPhase section */
		CF1519272B0C99A300949474 /* Resources */ = {
			isa = PBXResourcesBuildPhase;
			buildActionMask = 2147483647;
			files = (
				CF1519342B0C99A600949474 /* Preview Assets.xcassets in Resources */,
				CF1519312B0C99A600949474 /* Assets.xcassets in Resources */,
			);
			runOnlyForDeploymentPostprocessing = 0;
		};
		CF1519372B0C99A600949474 /* Resources */ = {
			isa = PBXResourcesBuildPhase;
			buildActionMask = 2147483647;
			files = (
			);
			runOnlyForDeploymentPostprocessing = 0;
		};
		CF1519412B0C99A600949474 /* Resources */ = {
			isa = PBXResourcesBuildPhase;
			buildActionMask = 2147483647;
			files = (
			);
			runOnlyForDeploymentPostprocessing = 0;
		};
/* End PBXResourcesBuildPhase section */

/* Begin PBXSourcesBuildPhase section */
		CF1519252B0C99A300949474 /* Sources */ = {
			isa = PBXSourcesBuildPhase;
			buildActionMask = 2147483647;
			files = (
				CF15192F2B0C99A300949474 /* ContentView.swift in Sources */,
				CF15192D2B0C99A300949474 /* gpt_voice_appApp.swift in Sources */,
			);
			runOnlyForDeploymentPostprocessing = 0;
		};
		CF1519352B0C99A600949474 /* Sources */ = {
			isa = PBXSourcesBuildPhase;
			buildActionMask = 2147483647;
			files = (
				CF15193E2B0C99A600949474 /* gpt_voice_appTests.swift in Sources */,
			);
			runOnlyForDeploymentPostprocessing = 0;
		};
		CF15193F2B0C99A600949474 /* Sources */ = {
			isa = PBXSourcesBuildPhase;
			buildActionMask = 2147483647;
			files = (
				CF1519482B0C99A600949474 /* gpt_voice_appUITests.swift in Sources */,
				CF15194A2B0C99A600949474 /* gpt_voice_appUITestsLaunchTests.swift in Sources */,
			);
			runOnlyForDeploymentPostprocessing = 0;
		};
/* End PBXSourcesBuildPhase section */

/* Begin PBXTargetDependency section */
		CF15193B2B0C99A600949474 /* PBXTargetDependency */ = {
			isa = PBXTargetDependency;
			target = CF1519282B0C99A300949474 /* gpt-voice-app */;
			targetProxy = CF15193A2B0C99A600949474 /* PBXContainerItemProxy */;
		};
		CF1519452B0C99A600949474 /* PBXTargetDependency */ = {
			isa = PBXTargetDependency;
			target = CF1519282B0C99A300949474 /* gpt-voice-app */;
			targetProxy = CF1519442B0C99A600949474 /* PBXContainerItemProxy */;
		};
/* End PBXTargetDependency section */

/* Begin XCBuildConfiguration section */
		CF15194B2B0C99A600949474 /* Debug */ = {
			isa = XCBuildConfiguration;
			buildSettings = {
				ALWAYS_SEARCH_USER_PATHS = NO;
				ASSETCATALOG_COMPILER_GENERATE_SWIFT_ASSET_SYMBOL_EXTENSIONS = YES;
				CLANG_ANALYZER_NONNULL = YES;
				CLANG_ANALYZER_NUMBER_OBJECT_CONVERSION = YES_AGGRESSIVE;
				CLANG_CXX_LANGUAGE_STANDARD = "gnu++20";
				CLANG_ENABLE_MODULES = YES;
				CLANG_ENABLE_OBJC_ARC = YES;
				CLANG_ENABLE_OBJC_WEAK = YES;
				CLANG_WARN_BLOCK_CAPTURE_AUTORELEASING = YES;
				CLANG_WARN_BOOL_CONVERSION = YES;
				CLANG_WARN_COMMA = YES;
				CLANG_WARN_CONSTANT_CONVERSION = YES;
				CLANG_WARN_DEPRECATED_OBJC_IMPLEMENTATIONS = YES;
				CLANG_WARN_DIRECT_OBJC_ISA_USAGE = YES_ERROR;
				CLANG_WARN_DOCUMENTATION_COMMENTS = YES;
				CLANG_WARN_EMPTY_BODY = YES;
				CLANG_WARN_ENUM_CONVERSION = YES;
				CLANG_WARN_INFINITE_RECURSION = YES;
				CLANG_WARN_INT_CONVERSION = YES;
				CLANG_WARN_NON_LITERAL_NULL_CONVERSION = YES;
				CLANG_WARN_OBJC_IMPLICIT_RETAIN_SELF = YES;
				CLANG_WARN_OBJC_LITERAL_CONVERSION = YES;
				CLANG_WARN_OBJC_ROOT_CLASS = YES_ERROR;
				CLANG_WARN_QUOTED_INCLUDE_IN_FRAMEWORK_HEADER = YES;
				CLANG_WARN_RANGE_LOOP_ANALYSIS = YES;
				CLANG_WARN_STRICT_PROTOTYPES = YES;
				CLANG_WARN_SUSPICIOUS_MOVE = YES;
				CLANG_WARN_UNGUARDED_AVAILABILITY = YES_AGGRESSIVE;
				CLANG_WARN_UNREACHABLE_CODE = YES;
				CLANG_WARN__DUPLICATE_METHOD_MATCH = YES;
				COPY_PHASE_STRIP = NO;
				DEBUG_INFORMATION_FORMAT = dwarf;
				ENABLE_STRICT_OBJC_MSGSEND = YES;
				ENABLE_TESTABILITY = YES;
				ENABLE_USER_SCRIPT_SANDBOXING = YES;
				GCC_C_LANGUAGE_STANDARD = gnu17;
				GCC_DYNAMIC_NO_PIC = NO;
				GCC_NO_COMMON_BLOCKS = YES;
				GCC_OPTIMIZATION_LEVEL = 0;
				GCC_PREPROCESSOR_DEFINITIONS = (
					"DEBUG=1",
					"$(inherited)",
				);
				GCC_WARN_64_TO_32_BIT_CONVERSION = YES;
				GCC_WARN_ABOUT_RETURN_TYPE = YES_ERROR;
				GCC_WARN_UNDECLARED_SELECTOR = YES;
				GCC_WARN_UNINITIALIZED_AUTOS = YES_AGGRESSIVE;
				GCC_WARN_UNUSED_FUNCTION = YES;
				GCC_WARN_UNUSED_VARIABLE = YES;
				IPHONEOS_DEPLOYMENT_TARGET = 17.0;
				LOCALIZATION_PREFERS_STRING_CATALOGS = YES;
				MTL_ENABLE_DEBUG_INFO = INCLUDE_SOURCE;
				MTL_FAST_MATH = YES;
				ONLY_ACTIVE_ARCH = YES;
				SDKROOT = iphoneos;
				SWIFT_ACTIVE_COMPILATION_CONDITIONS = "DEBUG $(inherited)";
				SWIFT_OPTIMIZATION_LEVEL = "-Onone";
			};
			name = Debug;
		};
		CF15194C2B0C99A600949474 /* Release */ = {
			isa = XCBuildConfiguration;
			buildSettings = {
				ALWAYS_SEARCH_USER_PATHS = NO;
				ASSETCATALOG_COMPILER_GENERATE_SWIFT_ASSET_SYMBOL_EXTENSIONS = YES;
				CLANG_ANALYZER_NONNULL = YES;
				CLANG_ANALYZER_NUMBER_OBJECT_CONVERSION = YES_AGGRESSIVE;
				CLANG_CXX_LANGUAGE_STANDARD = "gnu++20";
				CLANG_ENABLE_MODULES = YES;
				CLANG_ENABLE_OBJC_ARC = YES;
				CLANG_ENABLE_OBJC_WEAK = YES;
				CLANG_WARN_BLOCK_CAPTURE_AUTORELEASING = YES;
				CLANG_WARN_BOOL_CONVERSION = YES;
				CLANG_WARN_COMMA = YES;
				CLANG_WARN_CONSTANT_CONVERSION = YES;
				CLANG_WARN_DEPRECATED_OBJC_IMPLEMENTATIONS = YES;
				CLANG_WARN_DIRECT_OBJC_ISA_USAGE = YES_ERROR;
				CLANG_WARN_DOCUMENTATION_COMMENTS = YES;
				CLANG_WARN_EMPTY_BODY = YES;
				CLANG_WARN_ENUM_CONVERSION = YES;
				CLANG_WARN_INFINITE_RECURSION = YES;
				CLANG_WARN_INT_CONVERSION = YES;
				CLANG_WARN_NON_LITERAL_NULL_CONVERSION = YES;
				CLANG_WARN_OBJC_IMPLICIT_RETAIN_SELF = YES;
				CLANG_WARN_OBJC_LITERAL_CONVERSION = YES;
				CLANG_WARN_OBJC_ROOT_CLASS = YES_ERROR;
				CLANG_WARN_QUOTED_INCLUDE_IN_FRAMEWORK_HEADER = YES;
				CLANG_WARN_RANGE_LOOP_ANALYSIS = YES;
				CLANG_WARN_STRICT_PROTOTYPES = YES;
				CLANG_WARN_SUSPICIOUS_MOVE = YES;
				CLANG_WARN_UNGUARDED_AVAILABILITY = YES_AGGRESSIVE;
				CLANG_WARN_UNREACHABLE_CODE = YES;
				CLANG_WARN__DUPLICATE_METHOD_MATCH = YES;
				COPY_PHASE_STRIP = NO;
				DEBUG_INFORMATION_FORMAT = "dwarf-with-dsym";
				ENABLE_NS_ASSERTIONS = NO;
				ENABLE_STRICT_OBJC_MSGSEND = YES;
				ENABLE_USER_SCRIPT_SANDBOXING = YES;
				GCC_C_LANGUAGE_STANDARD = gnu17;
				GCC_NO_COMMON_BLOCKS = YES;
				GCC_WARN_64_TO_32_BIT_CONVERSION = YES;
				GCC_WARN_ABOUT_RETURN_TYPE = YES_ERROR;
				GCC_WARN_UNDECLARED_SELECTOR = YES;
				GCC_WARN_UNINITIALIZED_AUTOS = YES_AGGRESSIVE;
				GCC_WARN_UNUSED_FUNCTION = YES;
				GCC_WARN_UNUSED_VARIABLE = YES;
				IPHONEOS_DEPLOYMENT_TARGET = 17.0;
				LOCALIZATION_PREFERS_STRING_CATALOGS = YES;
				MTL_ENABLE_DEBUG_INFO = NO;
				MTL_FAST_MATH = YES;
				SDKROOT = iphoneos;
				SWIFT_COMPILATION_MODE = wholemodule;
				VALIDATE_PRODUCT = YES;
			};
			name = Release;
		};
		CF15194E2B0C99A600949474 /* Debug */ = {
			isa = XCBuildConfiguration;
			buildSettings = {
				ASSETCATALOG_COMPILER_APPICON_NAME = AppIcon;
				ASSETCATALOG_COMPILER_GLOBAL_ACCENT_COLOR_NAME = AccentColor;
				CODE_SIGN_STYLE = Automatic;
				CURRENT_PROJECT_VERSION = 1;
				DEVELOPMENT_ASSET_PATHS = "\"gpt-voice-app/Preview Content\"";
				ENABLE_PREVIEWS = YES;
				GENERATE_INFOPLIST_FILE = YES;
				INFOPLIST_KEY_UIApplicationSceneManifest_Generation = YES;
				INFOPLIST_KEY_UIApplicationSupportsIndirectInputEvents = YES;
				INFOPLIST_KEY_UILaunchScreen_Generation = YES;
				INFOPLIST_KEY_UISupportedInterfaceOrientations_iPad = "UIInterfaceOrientationPortrait UIInterfaceOrientationPortraitUpsideDown UIInterfaceOrientationLandscapeLeft UIInterfaceOrientationLandscapeRight";
				INFOPLIST_KEY_UISupportedInterfaceOrientations_iPhone = "UIInterfaceOrientationPortrait UIInterfaceOrientationLandscapeLeft UIInterfaceOrientationLandscapeRight";
				LD_RUNPATH_SEARCH_PATHS = (
					"$(inherited)",
					"@executable_path/Frameworks",
				);
				MARKETING_VERSION = 1.0;
				PRODUCT_BUNDLE_IDENTIFIER = "com.zz.gpt-voice-app";
				PRODUCT_NAME = "$(TARGET_NAME)";
				SWIFT_EMIT_LOC_STRINGS = YES;
				SWIFT_VERSION = 5.0;
				TARGETED_DEVICE_FAMILY = "1,2";
			};
			name = Debug;
		};
		CF15194F2B0C99A600949474 /* Release */ = {
			isa = XCBuildConfiguration;
			buildSettings = {
				ASSETCATALOG_COMPILER_APPICON_NAME = AppIcon;
				ASSETCATALOG_COMPILER_GLOBAL_ACCENT_COLOR_NAME = AccentColor;
				CODE_SIGN_STYLE = Automatic;
				CURRENT_PROJECT_VERSION = 1;
				DEVELOPMENT_ASSET_PATHS = "\"gpt-voice-app/Preview Content\"";
				ENABLE_PREVIEWS = YES;
				GENERATE_INFOPLIST_FILE = YES;
				INFOPLIST_KEY_UIApplicationSceneManifest_Generation = YES;
				INFOPLIST_KEY_UIApplicationSupportsIndirectInputEvents = YES;
				INFOPLIST_KEY_UILaunchScreen_Generation = YES;
				INFOPLIST_KEY_UISupportedInterfaceOrientations_iPad = "UIInterfaceOrientationPortrait UIInterfaceOrientationPortraitUpsideDown UIInterfaceOrientationLandscapeLeft UIInterfaceOrientationLandscapeRight";
				INFOPLIST_KEY_UISupportedInterfaceOrientations_iPhone = "UIInterfaceOrientationPortrait UIInterfaceOrientationLandscapeLeft UIInterfaceOrientationLandscapeRight";
				LD_RUNPATH_SEARCH_PATHS = (
					"$(inherited)",
					"@executable_path/Frameworks",
				);
				MARKETING_VERSION = 1.0;
				PRODUCT_BUNDLE_IDENTIFIER = "com.zz.gpt-voice-app";
				PRODUCT_NAME = "$(TARGET_NAME)";
				SWIFT_EMIT_LOC_STRINGS = YES;
				SWIFT_VERSION = 5.0;
				TARGETED_DEVICE_FAMILY = "1,2";
			};
			name = Release;
		};
		CF1519512B0C99A600949474 /* Debug */ = {
			isa = XCBuildConfiguration;
			buildSettings = {
				ALWAYS_EMBED_SWIFT_STANDARD_LIBRARIES = YES;
				BUNDLE_LOADER = "$(TEST_HOST)";
				CODE_SIGN_STYLE = Automatic;
				CURRENT_PROJECT_VERSION = 1;
				GENERATE_INFOPLIST_FILE = YES;
				IPHONEOS_DEPLOYMENT_TARGET = 17.0;
				MARKETING_VERSION = 1.0;
				PRODUCT_BUNDLE_IDENTIFIER = "com.zz.gpt-voice-appTests";
				PRODUCT_NAME = "$(TARGET_NAME)";
				SWIFT_EMIT_LOC_STRINGS = NO;
				SWIFT_VERSION = 5.0;
				TARGETED_DEVICE_FAMILY = "1,2";
				TEST_HOST = "$(BUILT_PRODUCTS_DIR)/gpt-voice-app.app/$(BUNDLE_EXECUTABLE_FOLDER_PATH)/gpt-voice-app";
			};
			name = Debug;
		};
		CF1519522B0C99A600949474 /* Release */ = {
			isa = XCBuildConfiguration;
			buildSettings = {
				ALWAYS_EMBED_SWIFT_STANDARD_LIBRARIES = YES;
				BUNDLE_LOADER = "$(TEST_HOST)";
				CODE_SIGN_STYLE = Automatic;
				CURRENT_PROJECT_VERSION = 1;
				GENERATE_INFOPLIST_FILE = YES;
				IPHONEOS_DEPLOYMENT_TARGET = 17.0;
				MARKETING_VERSION = 1.0;
				PRODUCT_BUNDLE_IDENTIFIER = "com.zz.gpt-voice-appTests";
				PRODUCT_NAME = "$(TARGET_NAME)";
				SWIFT_EMIT_LOC_STRINGS = NO;
				SWIFT_VERSION = 5.0;
				TARGETED_DEVICE_FAMILY = "1,2";
				TEST_HOST = "$(BUILT_PRODUCTS_DIR)/gpt-voice-app.app/$(BUNDLE_EXECUTABLE_FOLDER_PATH)/gpt-voice-app";
			};
			name = Release;
		};
		CF1519542B0C99A600949474 /* Debug */ = {
			isa = XCBuildConfiguration;
			buildSettings = {
				ALWAYS_EMBED_SWIFT_STANDARD_LIBRARIES = YES;
				CODE_SIGN_STYLE = Automatic;
				CURRENT_PROJECT_VERSION = 1;
				GENERATE_INFOPLIST_FILE = YES;
				MARKETING_VERSION = 1.0;
				PRODUCT_BUNDLE_IDENTIFIER = "com.zz.gpt-voice-appUITests";
				PRODUCT_NAME = "$(TARGET_NAME)";
				SWIFT_EMIT_LOC_STRINGS = NO;
				SWIFT_VERSION = 5.0;
				TARGETED_DEVICE_FAMILY = "1,2";
				TEST_TARGET_NAME = "gpt-voice-app";
			};
			name = Debug;
		};
		CF1519552B0C99A600949474 /* Release */ = {
			isa = XCBuildConfiguration;
			buildSettings = {
				ALWAYS_EMBED_SWIFT_STANDARD_LIBRARIES = YES;
				CODE_SIGN_STYLE = Automatic;
				CURRENT_PROJECT_VERSION = 1;
				GENERATE_INFOPLIST_FILE = YES;
				MARKETING_VERSION = 1.0;
				PRODUCT_BUNDLE_IDENTIFIER = "com.zz.gpt-voice-appUITests";
				PRODUCT_NAME = "$(TARGET_NAME)";
				SWIFT_EMIT_LOC_STRINGS = NO;
				SWIFT_VERSION = 5.0;
				TARGETED_DEVICE_FAMILY = "1,2";
				TEST_TARGET_NAME = "gpt-voice-app";
			};
			name = Release;
		};
/* End XCBuildConfiguration section */

/* Begin XCConfigurationList section */
		CF1519242B0C99A300949474 /* Build configuration list for PBXProject "gpt-voice-app" */ = {
			isa = XCConfigurationList;
			buildConfigurations = (
				CF15194B2B0C99A600949474 /* Debug */,
				CF15194C2B0C99A600949474 /* Release */,
			);
			defaultConfigurationIsVisible = 0;
			defaultConfigurationName = Release;
		};
		CF15194D2B0C99A600949474 /* Build configuration list for PBXNativeTarget "gpt-voice-app" */ = {
			isa = XCConfigurationList;
			buildConfigurations = (
				CF15194E2B0C99A600949474 /* Debug */,
				CF15194F2B0C99A600949474 /* Release */,
			);
			defaultConfigurationIsVisible = 0;
			defaultConfigurationName = Release;
		};
		CF1519502B0C99A600949474 /* Build configuration list for PBXNativeTarget "gpt-voice-appTests" */ = {
			isa = XCConfigurationList;
			buildConfigurations = (
				CF1519512B0C99A600949474 /* Debug */,
				CF1519522B0C99A600949474 /* Release */,
			);
			defaultConfigurationIsVisible = 0;
			defaultConfigurationName = Release;
		};
		CF1519532B0C99A600949474 /* Build configuration list for PBXNativeTarget "gpt-voice-appUITests" */ = {
			isa = XCConfigurationList;
			buildConfigurations = (
				CF1519542B0C99A600949474 /* Debug */,
				CF1519552B0C99A600949474 /* Release */,
			);
			defaultConfigurationIsVisible = 0;
			defaultConfigurationName = Release;
		};
/* End XCConfigurationList section */
	};
	rootObject = CF1519212B0C99A300949474 /* Project object */;
}
